// !$*UTF8*$!
{
	archiveVersion = 1;
	classes = {
	};
	objectVersion = 50;
	objects = {

/* Begin PBXBuildFile section */
		20391D00238FF4CE00EA5C36 /* ViewController.swift in Sources */ = {isa = PBXBuildFile; fileRef = 20391CFF238FF4CE00EA5C36 /* ViewController.swift */; };
		206FE30B2398D97F00DDDB6A /* Movie.swift in Sources */ = {isa = PBXBuildFile; fileRef = 206FE30A2398D97F00DDDB6A /* Movie.swift */; };
		20D66C7E238F90CE00EF6A67 /* AppDelegate.swift in Sources */ = {isa = PBXBuildFile; fileRef = 20D66C7D238F90CE00EF6A67 /* AppDelegate.swift */; };
		20D66C83238F90CE00EF6A67 /* Main.storyboard in Resources */ = {isa = PBXBuildFile; fileRef = 20D66C81238F90CE00EF6A67 /* Main.storyboard */; };
		20D66C85238F90CF00EF6A67 /* Assets.xcassets in Resources */ = {isa = PBXBuildFile; fileRef = 20D66C84238F90CF00EF6A67 /* Assets.xcassets */; };
		20D66C88238F90CF00EF6A67 /* LaunchScreen.storyboard in Resources */ = {isa = PBXBuildFile; fileRef = 20D66C86238F90CF00EF6A67 /* LaunchScreen.storyboard */; };
		20D66C93238F90CF00EF6A67 /* imageViewTests.swift in Sources */ = {isa = PBXBuildFile; fileRef = 20D66C92238F90CF00EF6A67 /* imageViewTests.swift */; };
		20D66C9E238F90CF00EF6A67 /* imageViewUITests.swift in Sources */ = {isa = PBXBuildFile; fileRef = 20D66C9D238F90CF00EF6A67 /* imageViewUITests.swift */; };
		C7F53D9D239037D100815BD3 /* SecondController.swift in Sources */ = {isa = PBXBuildFile; fileRef = C7F53D9C239037D100815BD3 /* SecondController.swift */; };
		C7F53D9F239047A200815BD3 /* MovieDetails.swift in Sources */ = {isa = PBXBuildFile; fileRef = C7F53D9E239047A200815BD3 /* MovieDetails.swift */; };
/* End PBXBuildFile section */

/* Begin PBXContainerItemProxy section */
		20D66C8F238F90CF00EF6A67 /* PBXContainerItemProxy */ = {
			isa = PBXContainerItemProxy;
			containerPortal = 20D66C72238F90CE00EF6A67 /* Project object */;
			proxyType = 1;
			remoteGlobalIDString = 20D66C79238F90CE00EF6A67;
			remoteInfo = imageView;
		};
		20D66C9A238F90CF00EF6A67 /* PBXContainerItemProxy */ = {
			isa = PBXContainerItemProxy;
			containerPortal = 20D66C72238F90CE00EF6A67 /* Project object */;
			proxyType = 1;
			remoteGlobalIDString = 20D66C79238F90CE00EF6A67;
			remoteInfo = imageView;
		};
/* End PBXContainerItemProxy section */

/* Begin PBXFileReference section */
		20391CFF238FF4CE00EA5C36 /* ViewController.swift */ = {isa = PBXFileReference; lastKnownFileType = sourcecode.swift; path = ViewController.swift; sourceTree = "<group>"; };
		206FE30A2398D97F00DDDB6A /* Movie.swift */ = {isa = PBXFileReference; fileEncoding = 4; lastKnownFileType = sourcecode.swift; path = Movie.swift; sourceTree = "<group>"; };
		20D66C7A238F90CE00EF6A67 /* imageView.app */ = {isa = PBXFileReference; explicitFileType = wrapper.application; includeInIndex = 0; path = imageView.app; sourceTree = BUILT_PRODUCTS_DIR; };
		20D66C7D238F90CE00EF6A67 /* AppDelegate.swift */ = {isa = PBXFileReference; lastKnownFileType = sourcecode.swift; path = AppDelegate.swift; sourceTree = "<group>"; };
		20D66C82238F90CE00EF6A67 /* Base */ = {isa = PBXFileReference; lastKnownFileType = file.storyboard; name = Base; path = Base.lproj/Main.storyboard; sourceTree = "<group>"; };
		20D66C84238F90CF00EF6A67 /* Assets.xcassets */ = {isa = PBXFileReference; lastKnownFileType = folder.assetcatalog; path = Assets.xcassets; sourceTree = "<group>"; };
		20D66C87238F90CF00EF6A67 /* Base */ = {isa = PBXFileReference; lastKnownFileType = file.storyboard; name = Base; path = Base.lproj/LaunchScreen.storyboard; sourceTree = "<group>"; };
		20D66C89238F90CF00EF6A67 /* Info.plist */ = {isa = PBXFileReference; lastKnownFileType = text.plist.xml; path = Info.plist; sourceTree = "<group>"; };
		20D66C8E238F90CF00EF6A67 /* imageViewTests.xctest */ = {isa = PBXFileReference; explicitFileType = wrapper.cfbundle; includeInIndex = 0; path = imageViewTests.xctest; sourceTree = BUILT_PRODUCTS_DIR; };
		20D66C92238F90CF00EF6A67 /* imageViewTests.swift */ = {isa = PBXFileReference; lastKnownFileType = sourcecode.swift; path = imageViewTests.swift; sourceTree = "<group>"; };
		20D66C94238F90CF00EF6A67 /* Info.plist */ = {isa = PBXFileReference; lastKnownFileType = text.plist.xml; path = Info.plist; sourceTree = "<group>"; };
		20D66C99238F90CF00EF6A67 /* imageViewUITests.xctest */ = {isa = PBXFileReference; explicitFileType = wrapper.cfbundle; includeInIndex = 0; path = imageViewUITests.xctest; sourceTree = BUILT_PRODUCTS_DIR; };
		20D66C9D238F90CF00EF6A67 /* imageViewUITests.swift */ = {isa = PBXFileReference; lastKnownFileType = sourcecode.swift; path = imageViewUITests.swift; sourceTree = "<group>"; };
		20D66C9F238F90CF00EF6A67 /* Info.plist */ = {isa = PBXFileReference; lastKnownFileType = text.plist.xml; path = Info.plist; sourceTree = "<group>"; };
		C7F53D9C239037D100815BD3 /* SecondController.swift */ = {isa = PBXFileReference; lastKnownFileType = sourcecode.swift; path = SecondController.swift; sourceTree = "<group>"; };
		C7F53D9E239047A200815BD3 /* MovieDetails.swift */ = {isa = PBXFileReference; lastKnownFileType = sourcecode.swift; path = MovieDetails.swift; sourceTree = "<group>"; };
/* End PBXFileReference section */

/* Begin PBXFrameworksBuildPhase section */
		20D66C77238F90CE00EF6A67 /* Frameworks */ = {
			isa = PBXFrameworksBuildPhase;
			buildActionMask = 2147483647;
			files = (
			);
			runOnlyForDeploymentPostprocessing = 0;
		};
		20D66C8B238F90CF00EF6A67 /* Frameworks */ = {
			isa = PBXFrameworksBuildPhase;
			buildActionMask = 2147483647;
			files = (
			);
			runOnlyForDeploymentPostprocessing = 0;
		};
		20D66C96238F90CF00EF6A67 /* Frameworks */ = {
			isa = PBXFrameworksBuildPhase;
			buildActionMask = 2147483647;
			files = (
			);
			runOnlyForDeploymentPostprocessing = 0;
		};
/* End PBXFrameworksBuildPhase section */

/* Begin PBXGroup section */
		20D66C71238F90CE00EF6A67 = {
			isa = PBXGroup;
			children = (
				20D66C7C238F90CE00EF6A67 /* imageView */,
				20D66C91238F90CF00EF6A67 /* imageViewTests */,
				20D66C9C238F90CF00EF6A67 /* imageViewUITests */,
				20D66C7B238F90CE00EF6A67 /* Products */,
			);
			sourceTree = "<group>";
		};
		20D66C7B238F90CE00EF6A67 /* Products */ = {
			isa = PBXGroup;
			children = (
				20D66C7A238F90CE00EF6A67 /* imageView.app */,
				20D66C8E238F90CF00EF6A67 /* imageViewTests.xctest */,
				20D66C99238F90CF00EF6A67 /* imageViewUITests.xctest */,
			);
			name = Products;
			sourceTree = "<group>";
		};
		20D66C7C238F90CE00EF6A67 /* imageView */ = {
			isa = PBXGroup;
			children = (
				20D66C7D238F90CE00EF6A67 /* AppDelegate.swift */,
				20391CFF238FF4CE00EA5C36 /* ViewController.swift */,
				C7F53D9C239037D100815BD3 /* SecondController.swift */,
				C7F53D9E239047A200815BD3 /* MovieDetails.swift */,
				206FE30A2398D97F00DDDB6A /* Movie.swift */,
				20D66C81238F90CE00EF6A67 /* Main.storyboard */,
				20D66C84238F90CF00EF6A67 /* Assets.xcassets */,
				20D66C86238F90CF00EF6A67 /* LaunchScreen.storyboard */,
				20D66C89238F90CF00EF6A67 /* Info.plist */,
			);
			path = imageView;
			sourceTree = "<group>";
		};
		20D66C91238F90CF00EF6A67 /* imageViewTests */ = {
			isa = PBXGroup;
			children = (
				20D66C92238F90CF00EF6A67 /* imageViewTests.swift */,
				20D66C94238F90CF00EF6A67 /* Info.plist */,
			);
			path = imageViewTests;
			sourceTree = "<group>";
		};
		20D66C9C238F90CF00EF6A67 /* imageViewUITests */ = {
			isa = PBXGroup;
			children = (
				20D66C9D238F90CF00EF6A67 /* imageViewUITests.swift */,
				20D66C9F238F90CF00EF6A67 /* Info.plist */,
			);
			path = imageViewUITests;
			sourceTree = "<group>";
		};
/* End PBXGroup section */

/* Begin PBXNativeTarget section */
		20D66C79238F90CE00EF6A67 /* imageView */ = {
			isa = PBXNativeTarget;
			buildConfigurationList = 20D66CA2238F90CF00EF6A67 /* Build configuration list for PBXNativeTarget "imageView" */;
			buildPhases = (
				20D66C76238F90CE00EF6A67 /* Sources */,
				20D66C77238F90CE00EF6A67 /* Frameworks */,
				20D66C78238F90CE00EF6A67 /* Resources */,
			);
			buildRules = (
			);
			dependencies = (
			);
			name = imageView;
			productName = imageView;
			productReference = 20D66C7A238F90CE00EF6A67 /* imageView.app */;
			productType = "com.apple.product-type.application";
		};
		20D66C8D238F90CF00EF6A67 /* imageViewTests */ = {
			isa = PBXNativeTarget;
			buildConfigurationList = 20D66CA5238F90CF00EF6A67 /* Build configuration list for PBXNativeTarget "imageViewTests" */;
			buildPhases = (
				20D66C8A238F90CF00EF6A67 /* Sources */,
				20D66C8B238F90CF00EF6A67 /* Frameworks */,
				20D66C8C238F90CF00EF6A67 /* Resources */,
			);
			buildRules = (
			);
			dependencies = (
				20D66C90238F90CF00EF6A67 /* PBXTargetDependency */,
			);
			name = imageViewTests;
			productName = imageViewTests;
			productReference = 20D66C8E238F90CF00EF6A67 /* imageViewTests.xctest */;
			productType = "com.apple.product-type.bundle.unit-test";
		};
		20D66C98238F90CF00EF6A67 /* imageViewUITests */ = {
			isa = PBXNativeTarget;
			buildConfigurationList = 20D66CA8238F90CF00EF6A67 /* Build configuration list for PBXNativeTarget "imageViewUITests" */;
			buildPhases = (
				20D66C95238F90CF00EF6A67 /* Sources */,
				20D66C96238F90CF00EF6A67 /* Frameworks */,
				20D66C97238F90CF00EF6A67 /* Resources */,
			);
			buildRules = (
			);
			dependencies = (
				20D66C9B238F90CF00EF6A67 /* PBXTargetDependency */,
			);
			name = imageViewUITests;
			productName = imageViewUITests;
			productReference = 20D66C99238F90CF00EF6A67 /* imageViewUITests.xctest */;
			productType = "com.apple.product-type.bundle.ui-testing";
		};
/* End PBXNativeTarget section */

/* Begin PBXProject section */
		20D66C72238F90CE00EF6A67 /* Project object */ = {
			isa = PBXProject;
			attributes = {
				LastSwiftUpdateCheck = 1010;
				LastUpgradeCheck = 1010;
				ORGANIZATIONNAME = "Sagi Harika";
				TargetAttributes = {
					20D66C79238F90CE00EF6A67 = {
						CreatedOnToolsVersion = 10.1;
					};
					20D66C8D238F90CF00EF6A67 = {
						CreatedOnToolsVersion = 10.1;
						TestTargetID = 20D66C79238F90CE00EF6A67;
					};
					20D66C98238F90CF00EF6A67 = {
						CreatedOnToolsVersion = 10.1;
						TestTargetID = 20D66C79238F90CE00EF6A67;
					};
				};
			};
			buildConfigurationList = 20D66C75238F90CE00EF6A67 /* Build configuration list for PBXProject "imageView" */;
			compatibilityVersion = "Xcode 9.3";
			developmentRegion = en;
			hasScannedForEncodings = 0;
			knownRegions = (
				en,
				Base,
			);
			mainGroup = 20D66C71238F90CE00EF6A67;
			productRefGroup = 20D66C7B238F90CE00EF6A67 /* Products */;
			projectDirPath = "";
			projectRoot = "";
			targets = (
				20D66C79238F90CE00EF6A67 /* imageView */,
				20D66C8D238F90CF00EF6A67 /* imageViewTests */,
				20D66C98238F90CF00EF6A67 /* imageViewUITests */,
			);
		};
/* End PBXProject section */

/* Begin PBXResourcesBuildPhase section */
		20D66C78238F90CE00EF6A67 /* Resources */ = {
			isa = PBXResourcesBuildPhase;
			buildActionMask = 2147483647;
			files = (
				20D66C88238F90CF00EF6A67 /* LaunchScreen.storyboard in Resources */,
				20D66C85238F90CF00EF6A67 /* Assets.xcassets in Resources */,
				20D66C83238F90CE00EF6A67 /* Main.storyboard in Resources */,
			);
			runOnlyForDeploymentPostprocessing = 0;
		};
		20D66C8C238F90CF00EF6A67 /* Resources */ = {
			isa = PBXResourcesBuildPhase;
			buildActionMask = 2147483647;
			files = (
			);
			runOnlyForDeploymentPostprocessing = 0;
		};
		20D66C97238F90CF00EF6A67 /* Resources */ = {
			isa = PBXResourcesBuildPhase;
			buildActionMask = 2147483647;
			files = (
			);
			runOnlyForDeploymentPostprocessing = 0;
		};
/* End PBXResourcesBuildPhase section */

/* Begin PBXSourcesBuildPhase section */
		20D66C76238F90CE00EF6A67 /* Sources */ = {
			isa = PBXSourcesBuildPhase;
			buildActionMask = 2147483647;
			files = (
				20391D00238FF4CE00EA5C36 /* ViewController.swift in Sources */,
				C7F53D9D239037D100815BD3 /* SecondController.swift in Sources */,
				20D66C7E238F90CE00EF6A67 /* AppDelegate.swift in Sources */,
				C7F53D9F239047A200815BD3 /* MovieDetails.swift in Sources */,
				206FE30B2398D97F00DDDB6A /* Movie.swift in Sources */,
			);
			runOnlyForDeploymentPostprocessing = 0;
		};
		20D66C8A238F90CF00EF6A67 /* Sources */ = {
			isa = PBXSourcesBuildPhase;
			buildActionMask = 2147483647;
			files = (
				20D66C93238F90CF00EF6A67 /* imageViewTests.swift in Sources */,
			);
			runOnlyForDeploymentPostprocessing = 0;
		};
		20D66C95238F90CF00EF6A67 /* Sources */ = {
			isa = PBXSourcesBuildPhase;
			buildActionMask = 2147483647;
			files = (
				20D66C9E238F90CF00EF6A67 /* imageViewUITests.swift in Sources */,
			);
			runOnlyForDeploymentPostprocessing = 0;
		};
/* End PBXSourcesBuildPhase section */

/* Begin PBXTargetDependency section */
		20D66C90238F90CF00EF6A67 /* PBXTargetDependency */ = {
			isa = PBXTargetDependency;
			target = 20D66C79238F90CE00EF6A67 /* imageView */;
			targetProxy = 20D66C8F238F90CF00EF6A67 /* PBXContainerItemProxy */;
		};
		20D66C9B238F90CF00EF6A67 /* PBXTargetDependency */ = {
			isa = PBXTargetDependency;
			target = 20D66C79238F90CE00EF6A67 /* imageView */;
			targetProxy = 20D66C9A238F90CF00EF6A67 /* PBXContainerItemProxy */;
		};
/* End PBXTargetDependency section */

/* Begin PBXVariantGroup section */
		20D66C81238F90CE00EF6A67 /* Main.storyboard */ = {
			isa = PBXVariantGroup;
			children = (
				20D66C82238F90CE00EF6A67 /* Base */,
			);
			name = Main.storyboard;
			sourceTree = "<group>";
		};
		20D66C86238F90CF00EF6A67 /* LaunchScreen.storyboard */ = {
			isa = PBXVariantGroup;
			children = (
				20D66C87238F90CF00EF6A67 /* Base */,
			);
			name = LaunchScreen.storyboard;
			sourceTree = "<group>";
		};
/* End PBXVariantGroup section */

/* Begin XCBuildConfiguration section */
		20D66CA0238F90CF00EF6A67 /* Debug */ = {
			isa = XCBuildConfiguration;
			buildSettings = {
				ALWAYS_SEARCH_USER_PATHS = NO;
				CLANG_ANALYZER_NONNULL = YES;
				CLANG_ANALYZER_NUMBER_OBJECT_CONVERSION = YES_AGGRESSIVE;
				CLANG_CXX_LANGUAGE_STANDARD = "gnu++14";
				CLANG_CXX_LIBRARY = "libc++";
				CLANG_ENABLE_MODULES = YES;
				CLANG_ENABLE_OBJC_ARC = YES;
				CLANG_ENABLE_OBJC_WEAK = YES;
				CLANG_WARN_BLOCK_CAPTURE_AUTORELEASING = YES;
				CLANG_WARN_BOOL_CONVERSION = YES;
				CLANG_WARN_COMMA = YES;
				CLANG_WARN_CONSTANT_CONVERSION = YES;
				CLANG_WARN_DEPRECATED_OBJC_IMPLEMENTATIONS = YES;
				CLANG_WARN_DIRECT_OBJC_ISA_USAGE = YES_ERROR;
				CLANG_WARN_DOCUMENTATION_COMMENTS = YES;
				CLANG_WARN_EMPTY_BODY = YES;
				CLANG_WARN_ENUM_CONVERSION = YES;
				CLANG_WARN_INFINITE_RECURSION = YES;
				CLANG_WARN_INT_CONVERSION = YES;
				CLANG_WARN_NON_LITERAL_NULL_CONVERSION = YES;
				CLANG_WARN_OBJC_IMPLICIT_RETAIN_SELF = YES;
				CLANG_WARN_OBJC_LITERAL_CONVERSION = YES;
				CLANG_WARN_OBJC_ROOT_CLASS = YES_ERROR;
				CLANG_WARN_RANGE_LOOP_ANALYSIS = YES;
				CLANG_WARN_STRICT_PROTOTYPES = YES;
				CLANG_WARN_SUSPICIOUS_MOVE = YES;
				CLANG_WARN_UNGUARDED_AVAILABILITY = YES_AGGRESSIVE;
				CLANG_WARN_UNREACHABLE_CODE = YES;
				CLANG_WARN__DUPLICATE_METHOD_MATCH = YES;
				CODE_SIGN_IDENTITY = "iPhone Developer";
				COPY_PHASE_STRIP = NO;
				DEBUG_INFORMATION_FORMAT = dwarf;
				ENABLE_STRICT_OBJC_MSGSEND = YES;
				ENABLE_TESTABILITY = YES;
				GCC_C_LANGUAGE_STANDARD = gnu11;
				GCC_DYNAMIC_NO_PIC = NO;
				GCC_NO_COMMON_BLOCKS = YES;
				GCC_OPTIMIZATION_LEVEL = 0;
				GCC_PREPROCESSOR_DEFINITIONS = (
					"DEBUG=1",
					"$(inherited)",
				);
				GCC_WARN_64_TO_32_BIT_CONVERSION = YES;
				GCC_WARN_ABOUT_RETURN_TYPE = YES_ERROR;
				GCC_WARN_UNDECLARED_SELECTOR = YES;
				GCC_WARN_UNINITIALIZED_AUTOS = YES_AGGRESSIVE;
				GCC_WARN_UNUSED_FUNCTION = YES;
				GCC_WARN_UNUSED_VARIABLE = YES;
				IPHONEOS_DEPLOYMENT_TARGET = 12.1;
				MTL_ENABLE_DEBUG_INFO = INCLUDE_SOURCE;
				MTL_FAST_MATH = YES;
				ONLY_ACTIVE_ARCH = YES;
				SDKROOT = iphoneos;
				SWIFT_ACTIVE_COMPILATION_CONDITIONS = DEBUG;
				SWIFT_OPTIMIZATION_LEVEL = "-Onone";
			};
			name = Debug;
		};
		20D66CA1238F90CF00EF6A67 /* Release */ = {
			isa = XCBuildConfiguration;
			buildSettings = {
				ALWAYS_SEARCH_USER_PATHS = NO;
				CLANG_ANALYZER_NONNULL = YES;
				CLANG_ANALYZER_NUMBER_OBJECT_CONVERSION = YES_AGGRESSIVE;
				CLANG_CXX_LANGUAGE_STANDARD = "gnu++14";
				CLANG_CXX_LIBRARY = "libc++";
				CLANG_ENABLE_MODULES = YES;
				CLANG_ENABLE_OBJC_ARC = YES;
				CLANG_ENABLE_OBJC_WEAK = YES;
				CLANG_WARN_BLOCK_CAPTURE_AUTORELEASING = YES;
				CLANG_WARN_BOOL_CONVERSION = YES;
				CLANG_WARN_COMMA = YES;
				CLANG_WARN_CONSTANT_CONVERSION = YES;
				CLANG_WARN_DEPRECATED_OBJC_IMPLEMENTATIONS = YES;
				CLANG_WARN_DIRECT_OBJC_ISA_USAGE = YES_ERROR;
				CLANG_WARN_DOCUMENTATION_COMMENTS = YES;
				CLANG_WARN_EMPTY_BODY = YES;
				CLANG_WARN_ENUM_CONVERSION = YES;
				CLANG_WARN_INFINITE_RECURSION = YES;
				CLANG_WARN_INT_CONVERSION = YES;
				CLANG_WARN_NON_LITERAL_NULL_CONVERSION = YES;
				CLANG_WARN_OBJC_IMPLICIT_RETAIN_SELF = YES;
				CLANG_WARN_OBJC_LITERAL_CONVERSION = YES;
				CLANG_WARN_OBJC_ROOT_CLASS = YES_ERROR;
				CLANG_WARN_RANGE_LOOP_ANALYSIS = YES;
				CLANG_WARN_STRICT_PROTOTYPES = YES;
				CLANG_WARN_SUSPICIOUS_MOVE = YES;
				CLANG_WARN_UNGUARDED_AVAILABILITY = YES_AGGRESSIVE;
				CLANG_WARN_UNREACHABLE_CODE = YES;
				CLANG_WARN__DUPLICATE_METHOD_MATCH = YES;
				CODE_SIGN_IDENTITY = "iPhone Developer";
				COPY_PHASE_STRIP = NO;
				DEBUG_INFORMATION_FORMAT = "dwarf-with-dsym";
				ENABLE_NS_ASSERTIONS = NO;
				ENABLE_STRICT_OBJC_MSGSEND = YES;
				GCC_C_LANGUAGE_STANDARD = gnu11;
				GCC_NO_COMMON_BLOCKS = YES;
				GCC_WARN_64_TO_32_BIT_CONVERSION = YES;
				GCC_WARN_ABOUT_RETURN_TYPE = YES_ERROR;
				GCC_WARN_UNDECLARED_SELECTOR = YES;
				GCC_WARN_UNINITIALIZED_AUTOS = YES_AGGRESSIVE;
				GCC_WARN_UNUSED_FUNCTION = YES;
				GCC_WARN_UNUSED_VARIABLE = YES;
				IPHONEOS_DEPLOYMENT_TARGET = 12.1;
				MTL_ENABLE_DEBUG_INFO = NO;
				MTL_FAST_MATH = YES;
				SDKROOT = iphoneos;
				SWIFT_COMPILATION_MODE = wholemodule;
				SWIFT_OPTIMIZATION_LEVEL = "-O";
				VALIDATE_PRODUCT = YES;
			};
			name = Release;
		};
		20D66CA3238F90CF00EF6A67 /* Debug */ = {
			isa = XCBuildConfiguration;
			buildSettings = {
				ASSETCATALOG_COMPILER_APPICON_NAME = AppIcon;
				CODE_SIGN_STYLE = Automatic;
				INFOPLIST_FILE = imageView/Info.plist;
				LD_RUNPATH_SEARCH_PATHS = (
					"$(inherited)",
					"@executable_path/Frameworks",
				);
				PRODUCT_BUNDLE_IDENTIFIER = brn.imageView;
				PRODUCT_NAME = "$(TARGET_NAME)";
				SWIFT_VERSION = 4.2;
				TARGETED_DEVICE_FAMILY = "1,2";
			};
			name = Debug;
		};
		20D66CA4238F90CF00EF6A67 /* Release */ = {
			isa = XCBuildConfiguration;
			buildSettings = {
				ASSETCATALOG_COMPILER_APPICON_NAME = AppIcon;
				CODE_SIGN_STYLE = Automatic;
				INFOPLIST_FILE = imageView/Info.plist;
				LD_RUNPATH_SEARCH_PATHS = (
					"$(inherited)",
					"@executable_path/Frameworks",
				);
				PRODUCT_BUNDLE_IDENTIFIER = brn.imageView;
				PRODUCT_NAME = "$(TARGET_NAME)";
				SWIFT_VERSION = 4.2;
				TARGETED_DEVICE_FAMILY = "1,2";
			};
			name = Release;
		};
		20D66CA6238F90CF00EF6A67 /* Debug */ = {
			isa = XCBuildConfiguration;
			buildSettings = {
				ALWAYS_EMBED_SWIFT_STANDARD_LIBRARIES = YES;
				BUNDLE_LOADER = "$(TEST_HOST)";
				CODE_SIGN_STYLE = Automatic;
				INFOPLIST_FILE = imageViewTests/Info.plist;
				LD_RUNPATH_SEARCH_PATHS = (
					"$(inherited)",
					"@executable_path/Frameworks",
					"@loader_path/Frameworks",
				);
				PRODUCT_BUNDLE_IDENTIFIER = brn.imageViewTests;
				PRODUCT_NAME = "$(TARGET_NAME)";
				SWIFT_VERSION = 4.2;
				TARGETED_DEVICE_FAMILY = "1,2";
				TEST_HOST = "$(BUILT_PRODUCTS_DIR)/imageView.app/imageView";
			};
			name = Debug;
		};
		20D66CA7238F90CF00EF6A67 /* Release */ = {
			isa = XCBuildConfiguration;
			buildSettings = {
				ALWAYS_EMBED_SWIFT_STANDARD_LIBRARIES = YES;
				BUNDLE_LOADER = "$(TEST_HOST)";
				CODE_SIGN_STYLE = Automatic;
				INFOPLIST_FILE = imageViewTests/Info.plist;
				LD_RUNPATH_SEARCH_PATHS = (
					"$(inherited)",
					"@executable_path/Frameworks",
					"@loader_path/Frameworks",
				);
				PRODUCT_BUNDLE_IDENTIFIER = brn.imageViewTests;
				PRODUCT_NAME = "$(TARGET_NAME)";
				SWIFT_VERSION = 4.2;
				TARGETED_DEVICE_FAMILY = "1,2";
				TEST_HOST = "$(BUILT_PRODUCTS_DIR)/imageView.app/imageView";
			};
			name = Release;
		};
		20D66CA9238F90CF00EF6A67 /* Debug */ = {
			isa = XCBuildConfiguration;
			buildSettings = {
				ALWAYS_EMBED_SWIFT_STANDARD_LIBRARIES = YES;
				CODE_SIGN_STYLE = Automatic;
				INFOPLIST_FILE = imageViewUITests/Info.plist;
				LD_RUNPATH_SEARCH_PATHS = (
					"$(inherited)",
					"@executable_path/Frameworks",
					"@loader_path/Frameworks",
				);
				PRODUCT_BUNDLE_IDENTIFIER = brn.imageViewUITests;
				PRODUCT_NAME = "$(TARGET_NAME)";
				SWIFT_VERSION = 4.2;
				TARGETED_DEVICE_FAMILY = "1,2";
				TEST_TARGET_NAME = imageView;
			};
			name = Debug;
		};
		20D66CAA238F90CF00EF6A67 /* Release */ = {
			isa = XCBuildConfiguration;
			buildSettings = {
				ALWAYS_EMBED_SWIFT_STANDARD_LIBRARIES = YES;
				CODE_SIGN_STYLE = Automatic;
				INFOPLIST_FILE = imageViewUITests/Info.plist;
				LD_RUNPATH_SEARCH_PATHS = (
					"$(inherited)",
					"@executable_path/Frameworks",
					"@loader_path/Frameworks",
				);
				PRODUCT_BUNDLE_IDENTIFIER = brn.imageViewUITests;
				PRODUCT_NAME = "$(TARGET_NAME)";
				SWIFT_VERSION = 4.2;
				TARGETED_DEVICE_FAMILY = "1,2";
				TEST_TARGET_NAME = imageView;
			};
			name = Release;
		};
/* End XCBuildConfiguration section */

/* Begin XCConfigurationList section */
		20D66C75238F90CE00EF6A67 /* Build configuration list for PBXProject "imageView" */ = {
			isa = XCConfigurationList;
			buildConfigurations = (
				20D66CA0238F90CF00EF6A67 /* Debug */,
				20D66CA1238F90CF00EF6A67 /* Release */,
			);
			defaultConfigurationIsVisible = 0;
			defaultConfigurationName = Release;
		};
		20D66CA2238F90CF00EF6A67 /* Build configuration list for PBXNativeTarget "imageView" */ = {
			isa = XCConfigurationList;
			buildConfigurations = (
				20D66CA3238F90CF00EF6A67 /* Debug */,
				20D66CA4238F90CF00EF6A67 /* Release */,
			);
			defaultConfigurationIsVisible = 0;
			defaultConfigurationName = Release;
		};
		20D66CA5238F90CF00EF6A67 /* Build configuration list for PBXNativeTarget "imageViewTests" */ = {
			isa = XCConfigurationList;
			buildConfigurations = (
				20D66CA6238F90CF00EF6A67 /* Debug */,
				20D66CA7238F90CF00EF6A67 /* Release */,
			);
			defaultConfigurationIsVisible = 0;
			defaultConfigurationName = Release;
		};
		20D66CA8238F90CF00EF6A67 /* Build configuration list for PBXNativeTarget "imageViewUITests" */ = {
			isa = XCConfigurationList;
			buildConfigurations = (
				20D66CA9238F90CF00EF6A67 /* Debug */,
				20D66CAA238F90CF00EF6A67 /* Release */,
			);
			defaultConfigurationIsVisible = 0;
			defaultConfigurationName = Release;
		};
/* End XCConfigurationList section */
	};
	rootObject = 20D66C72238F90CE00EF6A67 /* Project object */;
}
